
Microsoft Visual Studio Solution File, Format Version 12.00
# Visual Studio Version 17
VisualStudioVersion = 17.4.33213.308
MinimumVisualStudioVersion = 10.0.40219.1
Project("{FAE04EC0-301F-11D3-BF4B-00C04F79EFBC}") = "Shopping List", "Shopping List.csproj", "{439D4209-95FC-4B71-8975-4A903DE2C978}"
EndProject
Global
	GlobalSection(SolutionConfigurationPlatforms) = preSolution
		Debug|Any CPU = Debug|Any CPU
		Release|Any CPU = Release|Any CPU
	EndGlobalSection
	GlobalSection(ProjectConfigurationPlatforms) = postSolution
		{439D4209-95FC-4B71-8975-4A903DE2C978}.Debug|Any CPU.ActiveCfg = Debug|Any CPU
		{439D4209-95FC-4B71-8975-4A903DE2C978}.Debug|Any CPU.Build.0 = Debug|Any CPU
		{439D4209-95FC-4B71-8975-4A903DE2C978}.Release|Any CPU.ActiveCfg = Release|Any CPU
		{439D4209-95FC-4B71-8975-4A903DE2C978}.Release|Any CPU.Build.0 = Release|Any CPU
	EndGlobalSection
	GlobalSection(SolutionProperties) = preSolution
		HideSolutionNode = FALSE
	EndGlobalSection
	GlobalSection(ExtensibilityGlobals) = postSolution
		SolutionGuid = {D275F05C-A2FE-46A8-B8D5-C63C40109B3B}
	EndGlobalSection
EndGlobal
